
Microsoft Visual Studio Solution File, Format Version 12.00
# Visual Studio 15
VisualStudioVersion = 15.0.26124.0
MinimumVisualStudioVersion = 15.0.26124.0
Project("{FAE04EC0-301F-11D3-BF4B-00C04F79EFBC}") = "Domain", "Domain\Domain.csproj", "{D2C51438-43A4-4D21-802B-01070DCCBBA0}"
EndProject
Project("{FAE04EC0-301F-11D3-BF4B-00C04F79EFBC}") = "Application", "Application\Application.csproj", "{992E7E78-C664-4A5A-A988-FF197680B9A0}"
EndProject
Project("{FAE04EC0-301F-11D3-BF4B-00C04F79EFBC}") = "Persistence", "Persistence\Persistence.csproj", "{0EBD03DB-FEF9-4FFB-AE1E-51C66787382E}"
EndProject
Project("{FAE04EC0-301F-11D3-BF4B-00C04F79EFBC}") = "Api", "Api\Api.csproj", "{984C612B-42AC-42D5-8EDF-9DB2757A55A2}"
EndProject
Global
	GlobalSection(SolutionConfigurationPlatforms) = preSolution
		Debug|Any CPU = Debug|Any CPU
		Debug|x64 = Debug|x64
		Debug|x86 = Debug|x86
		Release|Any CPU = Release|Any CPU
		Release|x64 = Release|x64
		Release|x86 = Release|x86
	EndGlobalSection
	GlobalSection(SolutionProperties) = preSolution
		HideSolutionNode = FALSE
	EndGlobalSection
	GlobalSection(ProjectConfigurationPlatforms) = postSolution
		{D2C51438-43A4-4D21-802B-01070DCCBBA0}.Debug|Any CPU.ActiveCfg = Debug|Any CPU
		{D2C51438-43A4-4D21-802B-01070DCCBBA0}.Debug|Any CPU.Build.0 = Debug|Any CPU
		{D2C51438-43A4-4D21-802B-01070DCCBBA0}.Debug|x64.ActiveCfg = Debug|Any CPU
		{D2C51438-43A4-4D21-802B-01070DCCBBA0}.Debug|x64.Build.0 = Debug|Any CPU
		{D2C51438-43A4-4D21-802B-01070DCCBBA0}.Debug|x86.ActiveCfg = Debug|Any CPU
		{D2C51438-43A4-4D21-802B-01070DCCBBA0}.Debug|x86.Build.0 = Debug|Any CPU
		{D2C51438-43A4-4D21-802B-01070DCCBBA0}.Release|Any CPU.ActiveCfg = Release|Any CPU
		{D2C51438-43A4-4D21-802B-01070DCCBBA0}.Release|Any CPU.Build.0 = Release|Any CPU
		{D2C51438-43A4-4D21-802B-01070DCCBBA0}.Release|x64.ActiveCfg = Release|Any CPU
		{D2C51438-43A4-4D21-802B-01070DCCBBA0}.Release|x64.Build.0 = Release|Any CPU
		{D2C51438-43A4-4D21-802B-01070DCCBBA0}.Release|x86.ActiveCfg = Release|Any CPU
		{D2C51438-43A4-4D21-802B-01070DCCBBA0}.Release|x86.Build.0 = Release|Any CPU
		{992E7E78-C664-4A5A-A988-FF197680B9A0}.Debug|Any CPU.ActiveCfg = Debug|Any CPU
		{992E7E78-C664-4A5A-A988-FF197680B9A0}.Debug|Any CPU.Build.0 = Debug|Any CPU
		{992E7E78-C664-4A5A-A988-FF197680B9A0}.Debug|x64.ActiveCfg = Debug|Any CPU
		{992E7E78-C664-4A5A-A988-FF197680B9A0}.Debug|x64.Build.0 = Debug|Any CPU
		{992E7E78-C664-4A5A-A988-FF197680B9A0}.Debug|x86.ActiveCfg = Debug|Any CPU
		{992E7E78-C664-4A5A-A988-FF197680B9A0}.Debug|x86.Build.0 = Debug|Any CPU
		{992E7E78-C664-4A5A-A988-FF197680B9A0}.Release|Any CPU.ActiveCfg = Release|Any CPU
		{992E7E78-C664-4A5A-A988-FF197680B9A0}.Release|Any CPU.Build.0 = Release|Any CPU
		{992E7E78-C664-4A5A-A988-FF197680B9A0}.Release|x64.ActiveCfg = Release|Any CPU
		{992E7E78-C664-4A5A-A988-FF197680B9A0}.Release|x64.Build.0 = Release|Any CPU
		{992E7E78-C664-4A5A-A988-FF197680B9A0}.Release|x86.ActiveCfg = Release|Any CPU
		{992E7E78-C664-4A5A-A988-FF197680B9A0}.Release|x86.Build.0 = Release|Any CPU
		{0EBD03DB-FEF9-4FFB-AE1E-51C66787382E}.Debug|Any CPU.ActiveCfg = Debug|Any CPU
		{0EBD03DB-FEF9-4FFB-AE1E-51C66787382E}.Debug|Any CPU.Build.0 = Debug|Any CPU
		{0EBD03DB-FEF9-4FFB-AE1E-51C66787382E}.Debug|x64.ActiveCfg = Debug|Any CPU
		{0EBD03DB-FEF9-4FFB-AE1E-51C66787382E}.Debug|x64.Build.0 = Debug|Any CPU
		{0EBD03DB-FEF9-4FFB-AE1E-51C66787382E}.Debug|x86.ActiveCfg = Debug|Any CPU
		{0EBD03DB-FEF9-4FFB-AE1E-51C66787382E}.Debug|x86.Build.0 = Debug|Any CPU
		{0EBD03DB-FEF9-4FFB-AE1E-51C66787382E}.Release|Any CPU.ActiveCfg = Release|Any CPU
		{0EBD03DB-FEF9-4FFB-AE1E-51C66787382E}.Release|Any CPU.Build.0 = Release|Any CPU
		{0EBD03DB-FEF9-4FFB-AE1E-51C66787382E}.Release|x64.ActiveCfg = Release|Any CPU
		{0EBD03DB-FEF9-4FFB-AE1E-51C66787382E}.Release|x64.Build.0 = Release|Any CPU
		{0EBD03DB-FEF9-4FFB-AE1E-51C66787382E}.Release|x86.ActiveCfg = Release|Any CPU
		{0EBD03DB-FEF9-4FFB-AE1E-51C66787382E}.Release|x86.Build.0 = Release|Any CPU
		{984C612B-42AC-42D5-8EDF-9DB2757A55A2}.Debug|Any CPU.ActiveCfg = Debug|Any CPU
		{984C612B-42AC-42D5-8EDF-9DB2757A55A2}.Debug|Any CPU.Build.0 = Debug|Any CPU
		{984C612B-42AC-42D5-8EDF-9DB2757A55A2}.Debug|x64.ActiveCfg = Debug|Any CPU
		{984C612B-42AC-42D5-8EDF-9DB2757A55A2}.Debug|x64.Build.0 = Debug|Any CPU
		{984C612B-42AC-42D5-8EDF-9DB2757A55A2}.Debug|x86.ActiveCfg = Debug|Any CPU
		{984C612B-42AC-42D5-8EDF-9DB2757A55A2}.Debug|x86.Build.0 = Debug|Any CPU
		{984C612B-42AC-42D5-8EDF-9DB2757A55A2}.Release|Any CPU.ActiveCfg = Release|Any CPU
		{984C612B-42AC-42D5-8EDF-9DB2757A55A2}.Release|Any CPU.Build.0 = Release|Any CPU
		{984C612B-42AC-42D5-8EDF-9DB2757A55A2}.Release|x64.ActiveCfg = Release|Any CPU
		{984C612B-42AC-42D5-8EDF-9DB2757A55A2}.Release|x64.Build.0 = Release|Any CPU
		{984C612B-42AC-42D5-8EDF-9DB2757A55A2}.Release|x86.ActiveCfg = Release|Any CPU
		{984C612B-42AC-42D5-8EDF-9DB2757A55A2}.Release|x86.Build.0 = Release|Any CPU
	EndGlobalSection
EndGlobal
